// !$*UTF8*$!
{
	archiveVersion = 1;
	classes = {
	};
	objectVersion = 56;
	objects = {

/* Begin PBXBuildFile section */
		610A4F8C2EDE45BF001EB006 /* TuringPatterns.metal in Sources */ = {isa = PBXBuildFile; fileRef = 610A4F8B2EDE45B6001EB006 /* TuringPatterns.metal */; };
		61395F572B54F8CE009AE604 /* BoSColors.swift in Sources */ = {isa = PBXBuildFile; fileRef = 61395F562B54F8CE009AE604 /* BoSColors.swift */; };
		61395F592B54FA0A009AE604 /* BoSColors.metal in Sources */ = {isa = PBXBuildFile; fileRef = 61395F582B54FA0A009AE604 /* BoSColors.metal */; };
		61395F5B2B552138009AE604 /* BoSShapes.swift in Sources */ = {isa = PBXBuildFile; fileRef = 61395F5A2B552138009AE604 /* BoSShapes.swift */; };
		61395F5D2B552146009AE604 /* BoSShapes.metal in Sources */ = {isa = PBXBuildFile; fileRef = 61395F5C2B552146009AE604 /* BoSShapes.metal */; };
		61395F5F2B565B16009AE604 /* BoSRandom.swift in Sources */ = {isa = PBXBuildFile; fileRef = 61395F5E2B565B16009AE604 /* BoSRandom.swift */; };
		61395F612B565B23009AE604 /* BoSNoise.metal in Sources */ = {isa = PBXBuildFile; fileRef = 61395F602B565B23009AE604 /* BoSNoise.metal */; };
		61395F632B565B2E009AE604 /* BoSRandom.metal in Sources */ = {isa = PBXBuildFile; fileRef = 61395F622B565B2E009AE604 /* BoSRandom.metal */; };
		61395F652B565B37009AE604 /* BoSNoise.swift in Sources */ = {isa = PBXBuildFile; fileRef = 61395F642B565B37009AE604 /* BoSNoise.swift */; };
		6191AC9A2B440AC3000A4937 /* ShaderTestApp.swift in Sources */ = {isa = PBXBuildFile; fileRef = 6191AC992B440AC3000A4937 /* ShaderTestApp.swift */; };
		6191AC9C2B440AC3000A4937 /* ContentView.swift in Sources */ = {isa = PBXBuildFile; fileRef = 6191AC9B2B440AC3000A4937 /* ContentView.swift */; };
		6191AC9E2B440AC5000A4937 /* Assets.xcassets in Resources */ = {isa = PBXBuildFile; fileRef = 6191AC9D2B440AC5000A4937 /* Assets.xcassets */; };
		6191ACA12B440AC5000A4937 /* Preview Assets.xcassets in Resources */ = {isa = PBXBuildFile; fileRef = 6191ACA02B440AC5000A4937 /* Preview Assets.xcassets */; };
		6193D7E92EC8611900457DF5 /* TuringPatterns.swift in Sources */ = {isa = PBXBuildFile; fileRef = 6193D7E82EC8610F00457DF5 /* TuringPatterns.swift */; };
		6193D7EB2EC91E2C00457DF5 /* Test.swift in Sources */ = {isa = PBXBuildFile; fileRef = 6193D7EA2EC91E2900457DF5 /* Test.swift */; };
		619DD4832B54B99500601D38 /* PickGradientTest.swift in Sources */ = {isa = PBXBuildFile; fileRef = 619DD4822B54B99500601D38 /* PickGradientTest.swift */; };
		619DD4852B54B9A000601D38 /* PickGradient.metal in Sources */ = {isa = PBXBuildFile; fileRef = 619DD4842B54B9A000601D38 /* PickGradient.metal */; };
		619DD4892B54DD7600601D38 /* BoSShapingFunctions.swift in Sources */ = {isa = PBXBuildFile; fileRef = 619DD4882B54DD7600601D38 /* BoSShapingFunctions.swift */; };
		619DD48B2B54E35400601D38 /* BoSShapingFunctions.metal in Sources */ = {isa = PBXBuildFile; fileRef = 619DD48A2B54E35400601D38 /* BoSShapingFunctions.metal */; };
		61A87BF72B51C660003B751E /* BlurTest.swift in Sources */ = {isa = PBXBuildFile; fileRef = 61A87BF62B51C660003B751E /* BlurTest.swift */; };
		61A87BF92B51D17E003B751E /* Blur.metal in Sources */ = {isa = PBXBuildFile; fileRef = 61A87BF82B51D17E003B751E /* Blur.metal */; };
		61A87BFB2B527061003B751E /* NoiseTest.swift in Sources */ = {isa = PBXBuildFile; fileRef = 61A87BFA2B527060003B751E /* NoiseTest.swift */; };
		61A87BFD2B527089003B751E /* Noise.metal in Sources */ = {isa = PBXBuildFile; fileRef = 61A87BFC2B527089003B751E /* Noise.metal */; };
		61A87BFF2B527405003B751E /* PixellateTest.swift in Sources */ = {isa = PBXBuildFile; fileRef = 61A87BFE2B527405003B751E /* PixellateTest.swift */; };
		61A87C012B52751C003B751E /* Pixellate.metal in Sources */ = {isa = PBXBuildFile; fileRef = 61A87C002B52751C003B751E /* Pixellate.metal */; };
		61A87C032B5276C5003B751E /* WaveyTest.swift in Sources */ = {isa = PBXBuildFile; fileRef = 61A87C022B5276C5003B751E /* WaveyTest.swift */; };
		61A87C052B5276D8003B751E /* Wavey.metal in Sources */ = {isa = PBXBuildFile; fileRef = 61A87C042B5276D8003B751E /* Wavey.metal */; };
		61A87C072B5279FB003B751E /* ColorsTest.swift in Sources */ = {isa = PBXBuildFile; fileRef = 61A87C062B5279FB003B751E /* ColorsTest.swift */; };
		61A87C092B527A10003B751E /* Colors.metal in Sources */ = {isa = PBXBuildFile; fileRef = 61A87C082B527A10003B751E /* Colors.metal */; };
/* End PBXBuildFile section */

/* Begin PBXFileReference section */
		610A4F8B2EDE45B6001EB006 /* TuringPatterns.metal */ = {isa = PBXFileReference; lastKnownFileType = sourcecode.metal; path = TuringPatterns.metal; sourceTree = "<group>"; };
		61395F562B54F8CE009AE604 /* BoSColors.swift */ = {isa = PBXFileReference; lastKnownFileType = sourcecode.swift; path = BoSColors.swift; sourceTree = "<group>"; };
		61395F582B54FA0A009AE604 /* BoSColors.metal */ = {isa = PBXFileReference; lastKnownFileType = sourcecode.metal; path = BoSColors.metal; sourceTree = "<group>"; };
		61395F5A2B552138009AE604 /* BoSShapes.swift */ = {isa = PBXFileReference; lastKnownFileType = sourcecode.swift; path = BoSShapes.swift; sourceTree = "<group>"; };
		61395F5C2B552146009AE604 /* BoSShapes.metal */ = {isa = PBXFileReference; lastKnownFileType = sourcecode.metal; path = BoSShapes.metal; sourceTree = "<group>"; };
		61395F5E2B565B16009AE604 /* BoSRandom.swift */ = {isa = PBXFileReference; lastKnownFileType = sourcecode.swift; path = BoSRandom.swift; sourceTree = "<group>"; };
		61395F602B565B23009AE604 /* BoSNoise.metal */ = {isa = PBXFileReference; lastKnownFileType = sourcecode.metal; path = BoSNoise.metal; sourceTree = "<group>"; };
		61395F622B565B2E009AE604 /* BoSRandom.metal */ = {isa = PBXFileReference; lastKnownFileType = sourcecode.metal; path = BoSRandom.metal; sourceTree = "<group>"; };
		61395F642B565B37009AE604 /* BoSNoise.swift */ = {isa = PBXFileReference; lastKnownFileType = sourcecode.swift; path = BoSNoise.swift; sourceTree = "<group>"; };
		6191AC962B440AC3000A4937 /* ShaderTest.app */ = {isa = PBXFileReference; explicitFileType = wrapper.application; includeInIndex = 0; path = ShaderTest.app; sourceTree = BUILT_PRODUCTS_DIR; };
		6191AC992B440AC3000A4937 /* ShaderTestApp.swift */ = {isa = PBXFileReference; lastKnownFileType = sourcecode.swift; path = ShaderTestApp.swift; sourceTree = "<group>"; };
		6191AC9B2B440AC3000A4937 /* ContentView.swift */ = {isa = PBXFileReference; lastKnownFileType = sourcecode.swift; path = ContentView.swift; sourceTree = "<group>"; };
		6191AC9D2B440AC5000A4937 /* Assets.xcassets */ = {isa = PBXFileReference; lastKnownFileType = folder.assetcatalog; path = Assets.xcassets; sourceTree = "<group>"; };
		6191ACA02B440AC5000A4937 /* Preview Assets.xcassets */ = {isa = PBXFileReference; lastKnownFileType = folder.assetcatalog; path = "Preview Assets.xcassets"; sourceTree = "<group>"; };
		6193D7E82EC8610F00457DF5 /* TuringPatterns.swift */ = {isa = PBXFileReference; lastKnownFileType = sourcecode.swift; path = TuringPatterns.swift; sourceTree = "<group>"; };
		6193D7EA2EC91E2900457DF5 /* Test.swift */ = {isa = PBXFileReference; lastKnownFileType = sourcecode.swift; path = Test.swift; sourceTree = "<group>"; };
		619DD4822B54B99500601D38 /* PickGradientTest.swift */ = {isa = PBXFileReference; lastKnownFileType = sourcecode.swift; path = PickGradientTest.swift; sourceTree = "<group>"; };
		619DD4842B54B9A000601D38 /* PickGradient.metal */ = {isa = PBXFileReference; lastKnownFileType = sourcecode.metal; path = PickGradient.metal; sourceTree = "<group>"; };
		619DD4882B54DD7600601D38 /* BoSShapingFunctions.swift */ = {isa = PBXFileReference; lastKnownFileType = sourcecode.swift; path = BoSShapingFunctions.swift; sourceTree = "<group>"; };
		619DD48A2B54E35400601D38 /* BoSShapingFunctions.metal */ = {isa = PBXFileReference; lastKnownFileType = sourcecode.metal; path = BoSShapingFunctions.metal; sourceTree = "<group>"; };
		61A87BF62B51C660003B751E /* BlurTest.swift */ = {isa = PBXFileReference; lastKnownFileType = sourcecode.swift; path = BlurTest.swift; sourceTree = "<group>"; };
		61A87BF82B51D17E003B751E /* Blur.metal */ = {isa = PBXFileReference; lastKnownFileType = sourcecode.metal; path = Blur.metal; sourceTree = "<group>"; };
		61A87BFA2B527060003B751E /* NoiseTest.swift */ = {isa = PBXFileReference; lastKnownFileType = sourcecode.swift; path = NoiseTest.swift; sourceTree = "<group>"; };
		61A87BFC2B527089003B751E /* Noise.metal */ = {isa = PBXFileReference; lastKnownFileType = sourcecode.metal; path = Noise.metal; sourceTree = "<group>"; };
		61A87BFE2B527405003B751E /* PixellateTest.swift */ = {isa = PBXFileReference; lastKnownFileType = sourcecode.swift; path = PixellateTest.swift; sourceTree = "<group>"; };
		61A87C002B52751C003B751E /* Pixellate.metal */ = {isa = PBXFileReference; lastKnownFileType = sourcecode.metal; path = Pixellate.metal; sourceTree = "<group>"; };
		61A87C022B5276C5003B751E /* WaveyTest.swift */ = {isa = PBXFileReference; lastKnownFileType = sourcecode.swift; path = WaveyTest.swift; sourceTree = "<group>"; };
		61A87C042B5276D8003B751E /* Wavey.metal */ = {isa = PBXFileReference; lastKnownFileType = sourcecode.metal; path = Wavey.metal; sourceTree = "<group>"; };
		61A87C062B5279FB003B751E /* ColorsTest.swift */ = {isa = PBXFileReference; lastKnownFileType = sourcecode.swift; path = ColorsTest.swift; sourceTree = "<group>"; };
		61A87C082B527A10003B751E /* Colors.metal */ = {isa = PBXFileReference; lastKnownFileType = sourcecode.metal; path = Colors.metal; sourceTree = "<group>"; };
/* End PBXFileReference section */

/* Begin PBXFrameworksBuildPhase section */
		6191AC932B440AC3000A4937 /* Frameworks */ = {
			isa = PBXFrameworksBuildPhase;
			buildActionMask = 2147483647;
			files = (
			);
			runOnlyForDeploymentPostprocessing = 0;
		};
/* End PBXFrameworksBuildPhase section */

/* Begin PBXGroup section */
		6191AC8D2B440AC3000A4937 = {
			isa = PBXGroup;
			children = (
				6191AC982B440AC3000A4937 /* ShaderTest */,
				6191AC972B440AC3000A4937 /* Products */,
			);
			sourceTree = "<group>";
		};
		6191AC972B440AC3000A4937 /* Products */ = {
			isa = PBXGroup;
			children = (
				6191AC962B440AC3000A4937 /* ShaderTest.app */,
			);
			name = Products;
			sourceTree = "<group>";
		};
		6191AC982B440AC3000A4937 /* ShaderTest */ = {
			isa = PBXGroup;
			children = (
				6191AC992B440AC3000A4937 /* ShaderTestApp.swift */,
				6191AC9B2B440AC3000A4937 /* ContentView.swift */,
				6193D7EA2EC91E2900457DF5 /* Test.swift */,
				619DD4862B54BAAA00601D38 /* Tests */,
				619DD4872B54C90200601D38 /* Book of Shaders */,
				6191AC9D2B440AC5000A4937 /* Assets.xcassets */,
				6191AC9F2B440AC5000A4937 /* Preview Content */,
			);
			path = ShaderTest;
			sourceTree = "<group>";
		};
		6191AC9F2B440AC5000A4937 /* Preview Content */ = {
			isa = PBXGroup;
			children = (
				6191ACA02B440AC5000A4937 /* Preview Assets.xcassets */,
			);
			path = "Preview Content";
			sourceTree = "<group>";
		};
		619DD4862B54BAAA00601D38 /* Tests */ = {
			isa = PBXGroup;
			children = (
				610A4F8B2EDE45B6001EB006 /* TuringPatterns.metal */,
				6193D7E82EC8610F00457DF5 /* TuringPatterns.swift */,
				619DD4822B54B99500601D38 /* PickGradientTest.swift */,
				619DD4842B54B9A000601D38 /* PickGradient.metal */,
				61A87BF62B51C660003B751E /* BlurTest.swift */,
				61A87BF82B51D17E003B751E /* Blur.metal */,
				61A87BFA2B527060003B751E /* NoiseTest.swift */,
				61A87BFC2B527089003B751E /* Noise.metal */,
				61A87BFE2B527405003B751E /* PixellateTest.swift */,
				61A87C002B52751C003B751E /* Pixellate.metal */,
				61A87C022B5276C5003B751E /* WaveyTest.swift */,
				61A87C042B5276D8003B751E /* Wavey.metal */,
				61A87C062B5279FB003B751E /* ColorsTest.swift */,
				61A87C082B527A10003B751E /* Colors.metal */,
			);
			path = Tests;
			sourceTree = "<group>";
		};
		619DD4872B54C90200601D38 /* Book of Shaders */ = {
			isa = PBXGroup;
			children = (
				619DD4882B54DD7600601D38 /* BoSShapingFunctions.swift */,
				619DD48A2B54E35400601D38 /* BoSShapingFunctions.metal */,
				61395F562B54F8CE009AE604 /* BoSColors.swift */,
				61395F582B54FA0A009AE604 /* BoSColors.metal */,
				61395F5A2B552138009AE604 /* BoSShapes.swift */,
				61395F5C2B552146009AE604 /* BoSShapes.metal */,
				61395F5E2B565B16009AE604 /* BoSRandom.swift */,
				61395F622B565B2E009AE604 /* BoSRandom.metal */,
				61395F642B565B37009AE604 /* BoSNoise.swift */,
				61395F602B565B23009AE604 /* BoSNoise.metal */,
			);
			path = "Book of Shaders";
			sourceTree = "<group>";
		};
/* End PBXGroup section */

/* Begin PBXNativeTarget section */
		6191AC952B440AC3000A4937 /* ShaderTest */ = {
			isa = PBXNativeTarget;
			buildConfigurationList = 6191ACA42B440AC5000A4937 /* Build configuration list for PBXNativeTarget "ShaderTest" */;
			buildPhases = (
				6191AC922B440AC3000A4937 /* Sources */,
				6191AC932B440AC3000A4937 /* Frameworks */,
				6191AC942B440AC3000A4937 /* Resources */,
			);
			buildRules = (
			);
			dependencies = (
			);
			name = ShaderTest;
			productName = ShaderTest;
			productReference = 6191AC962B440AC3000A4937 /* ShaderTest.app */;
			productType = "com.apple.product-type.application";
		};
/* End PBXNativeTarget section */

/* Begin PBXProject section */
		6191AC8E2B440AC3000A4937 /* Project object */ = {
			isa = PBXProject;
			attributes = {
				BuildIndependentTargetsInParallel = 1;
				LastSwiftUpdateCheck = 1500;
				LastUpgradeCheck = 1500;
				TargetAttributes = {
					6191AC952B440AC3000A4937 = {
						CreatedOnToolsVersion = 15.0;
					};
				};
			};
			buildConfigurationList = 6191AC912B440AC3000A4937 /* Build configuration list for PBXProject "ShaderTest" */;
			compatibilityVersion = "Xcode 14.0";
			developmentRegion = en;
			hasScannedForEncodings = 0;
			knownRegions = (
				en,
				Base,
			);
			mainGroup = 6191AC8D2B440AC3000A4937;
			productRefGroup = 6191AC972B440AC3000A4937 /* Products */;
			projectDirPath = "";
			projectRoot = "";
			targets = (
				6191AC952B440AC3000A4937 /* ShaderTest */,
			);
		};
/* End PBXProject section */

/* Begin PBXResourcesBuildPhase section */
		6191AC942B440AC3000A4937 /* Resources */ = {
			isa = PBXResourcesBuildPhase;
			buildActionMask = 2147483647;
			files = (
				6191ACA12B440AC5000A4937 /* Preview Assets.xcassets in Resources */,
				6191AC9E2B440AC5000A4937 /* Assets.xcassets in Resources */,
			);
			runOnlyForDeploymentPostprocessing = 0;
		};
/* End PBXResourcesBuildPhase section */

/* Begin PBXSourcesBuildPhase section */
		6191AC922B440AC3000A4937 /* Sources */ = {
			isa = PBXSourcesBuildPhase;
			buildActionMask = 2147483647;
			files = (
				61395F5F2B565B16009AE604 /* BoSRandom.swift in Sources */,
				61395F5D2B552146009AE604 /* BoSShapes.metal in Sources */,
				61A87BFF2B527405003B751E /* PixellateTest.swift in Sources */,
				610A4F8C2EDE45BF001EB006 /* TuringPatterns.metal in Sources */,
				619DD4832B54B99500601D38 /* PickGradientTest.swift in Sources */,
				61395F632B565B2E009AE604 /* BoSRandom.metal in Sources */,
				61395F572B54F8CE009AE604 /* BoSColors.swift in Sources */,
				61A87C072B5279FB003B751E /* ColorsTest.swift in Sources */,
				61A87C032B5276C5003B751E /* WaveyTest.swift in Sources */,
				61A87BF92B51D17E003B751E /* Blur.metal in Sources */,
				61A87BFB2B527061003B751E /* NoiseTest.swift in Sources */,
				619DD4892B54DD7600601D38 /* BoSShapingFunctions.swift in Sources */,
				61395F652B565B37009AE604 /* BoSNoise.swift in Sources */,
				6193D7E92EC8611900457DF5 /* TuringPatterns.swift in Sources */,
				61395F5B2B552138009AE604 /* BoSShapes.swift in Sources */,
				61A87BF72B51C660003B751E /* BlurTest.swift in Sources */,
				61A87C012B52751C003B751E /* Pixellate.metal in Sources */,
				61395F612B565B23009AE604 /* BoSNoise.metal in Sources */,
				61395F592B54FA0A009AE604 /* BoSColors.metal in Sources */,
				6191AC9C2B440AC3000A4937 /* ContentView.swift in Sources */,
				6193D7EB2EC91E2C00457DF5 /* Test.swift in Sources */,
				619DD48B2B54E35400601D38 /* BoSShapingFunctions.metal in Sources */,
				61A87BFD2B527089003B751E /* Noise.metal in Sources */,
				619DD4852B54B9A000601D38 /* PickGradient.metal in Sources */,
				61A87C052B5276D8003B751E /* Wavey.metal in Sources */,
				6191AC9A2B440AC3000A4937 /* ShaderTestApp.swift in Sources */,
				61A87C092B527A10003B751E /* Colors.metal in Sources */,
			);
			runOnlyForDeploymentPostprocessing = 0;
		};
/* End PBXSourcesBuildPhase section */

/* Begin XCBuildConfiguration section */
		6191ACA22B440AC5000A4937 /* Debug */ = {
			isa = XCBuildConfiguration;
			buildSettings = {
				ALWAYS_SEARCH_USER_PATHS = NO;
				ASSETCATALOG_COMPILER_GENERATE_SWIFT_ASSET_SYMBOL_EXTENSIONS = YES;
				CLANG_ANALYZER_NONNULL = YES;
				CLANG_ANALYZER_NUMBER_OBJECT_CONVERSION = YES_AGGRESSIVE;
				CLANG_CXX_LANGUAGE_STANDARD = "gnu++20";
				CLANG_ENABLE_MODULES = YES;
				CLANG_ENABLE_OBJC_ARC = YES;
				CLANG_ENABLE_OBJC_WEAK = YES;
				CLANG_WARN_BLOCK_CAPTURE_AUTORELEASING = YES;
				CLANG_WARN_BOOL_CONVERSION = YES;
				CLANG_WARN_COMMA = YES;
				CLANG_WARN_CONSTANT_CONVERSION = YES;
				CLANG_WARN_DEPRECATED_OBJC_IMPLEMENTATIONS = YES;
				CLANG_WARN_DIRECT_OBJC_ISA_USAGE = YES_ERROR;
				CLANG_WARN_DOCUMENTATION_COMMENTS = YES;
				CLANG_WARN_EMPTY_BODY = YES;
				CLANG_WARN_ENUM_CONVERSION = YES;
				CLANG_WARN_INFINITE_RECURSION = YES;
				CLANG_WARN_INT_CONVERSION = YES;
				CLANG_WARN_NON_LITERAL_NULL_CONVERSION = YES;
				CLANG_WARN_OBJC_IMPLICIT_RETAIN_SELF = YES;
				CLANG_WARN_OBJC_LITERAL_CONVERSION = YES;
				CLANG_WARN_OBJC_ROOT_CLASS = YES_ERROR;
				CLANG_WARN_QUOTED_INCLUDE_IN_FRAMEWORK_HEADER = YES;
				CLANG_WARN_RANGE_LOOP_ANALYSIS = YES;
				CLANG_WARN_STRICT_PROTOTYPES = YES;
				CLANG_WARN_SUSPICIOUS_MOVE = YES;
				CLANG_WARN_UNGUARDED_AVAILABILITY = YES_AGGRESSIVE;
				CLANG_WARN_UNREACHABLE_CODE = YES;
				CLANG_WARN__DUPLICATE_METHOD_MATCH = YES;
				COPY_PHASE_STRIP = NO;
				DEBUG_INFORMATION_FORMAT = dwarf;
				ENABLE_STRICT_OBJC_MSGSEND = YES;
				ENABLE_TESTABILITY = YES;
				ENABLE_USER_SCRIPT_SANDBOXING = YES;
				GCC_C_LANGUAGE_STANDARD = gnu17;
				GCC_DYNAMIC_NO_PIC = NO;
				GCC_NO_COMMON_BLOCKS = YES;
				GCC_OPTIMIZATION_LEVEL = 0;
				GCC_PREPROCESSOR_DEFINITIONS = (
					"DEBUG=1",
					"$(inherited)",
				);
				GCC_WARN_64_TO_32_BIT_CONVERSION = YES;
				GCC_WARN_ABOUT_RETURN_TYPE = YES_ERROR;
				GCC_WARN_UNDECLARED_SELECTOR = YES;
				GCC_WARN_UNINITIALIZED_AUTOS = YES_AGGRESSIVE;
				GCC_WARN_UNUSED_FUNCTION = YES;
				GCC_WARN_UNUSED_VARIABLE = YES;
				IPHONEOS_DEPLOYMENT_TARGET = 17.0;
				LOCALIZATION_PREFERS_STRING_CATALOGS = YES;
				MTL_ENABLE_DEBUG_INFO = INCLUDE_SOURCE;
				MTL_FAST_MATH = YES;
				ONLY_ACTIVE_ARCH = YES;
				SDKROOT = iphoneos;
				SWIFT_ACTIVE_COMPILATION_CONDITIONS = "DEBUG $(inherited)";
				SWIFT_OPTIMIZATION_LEVEL = "-Onone";
			};
			name = Debug;
		};
		6191ACA32B440AC5000A4937 /* Release */ = {
			isa = XCBuildConfiguration;
			buildSettings = {
				ALWAYS_SEARCH_USER_PATHS = NO;
				ASSETCATALOG_COMPILER_GENERATE_SWIFT_ASSET_SYMBOL_EXTENSIONS = YES;
				CLANG_ANALYZER_NONNULL = YES;
				CLANG_ANALYZER_NUMBER_OBJECT_CONVERSION = YES_AGGRESSIVE;
				CLANG_CXX_LANGUAGE_STANDARD = "gnu++20";
				CLANG_ENABLE_MODULES = YES;
				CLANG_ENABLE_OBJC_ARC = YES;
				CLANG_ENABLE_OBJC_WEAK = YES;
				CLANG_WARN_BLOCK_CAPTURE_AUTORELEASING = YES;
				CLANG_WARN_BOOL_CONVERSION = YES;
				CLANG_WARN_COMMA = YES;
				CLANG_WARN_CONSTANT_CONVERSION = YES;
				CLANG_WARN_DEPRECATED_OBJC_IMPLEMENTATIONS = YES;
				CLANG_WARN_DIRECT_OBJC_ISA_USAGE = YES_ERROR;
				CLANG_WARN_DOCUMENTATION_COMMENTS = YES;
				CLANG_WARN_EMPTY_BODY = YES;
				CLANG_WARN_ENUM_CONVERSION = YES;
				CLANG_WARN_INFINITE_RECURSION = YES;
				CLANG_WARN_INT_CONVERSION = YES;
				CLANG_WARN_NON_LITERAL_NULL_CONVERSION = YES;
				CLANG_WARN_OBJC_IMPLICIT_RETAIN_SELF = YES;
				CLANG_WARN_OBJC_LITERAL_CONVERSION = YES;
				CLANG_WARN_OBJC_ROOT_CLASS = YES_ERROR;
				CLANG_WARN_QUOTED_INCLUDE_IN_FRAMEWORK_HEADER = YES;
				CLANG_WARN_RANGE_LOOP_ANALYSIS = YES;
				CLANG_WARN_STRICT_PROTOTYPES = YES;
				CLANG_WARN_SUSPICIOUS_MOVE = YES;
				CLANG_WARN_UNGUARDED_AVAILABILITY = YES_AGGRESSIVE;
				CLANG_WARN_UNREACHABLE_CODE = YES;
				CLANG_WARN__DUPLICATE_METHOD_MATCH = YES;
				COPY_PHASE_STRIP = NO;
				DEBUG_INFORMATION_FORMAT = "dwarf-with-dsym";
				ENABLE_NS_ASSERTIONS = NO;
				ENABLE_STRICT_OBJC_MSGSEND = YES;
				ENABLE_USER_SCRIPT_SANDBOXING = YES;
				GCC_C_LANGUAGE_STANDARD = gnu17;
				GCC_NO_COMMON_BLOCKS = YES;
				GCC_WARN_64_TO_32_BIT_CONVERSION = YES;
				GCC_WARN_ABOUT_RETURN_TYPE = YES_ERROR;
				GCC_WARN_UNDECLARED_SELECTOR = YES;
				GCC_WARN_UNINITIALIZED_AUTOS = YES_AGGRESSIVE;
				GCC_WARN_UNUSED_FUNCTION = YES;
				GCC_WARN_UNUSED_VARIABLE = YES;
				IPHONEOS_DEPLOYMENT_TARGET = 17.0;
				LOCALIZATION_PREFERS_STRING_CATALOGS = YES;
				MTL_ENABLE_DEBUG_INFO = NO;
				MTL_FAST_MATH = YES;
				SDKROOT = iphoneos;
				SWIFT_COMPILATION_MODE = wholemodule;
				VALIDATE_PRODUCT = YES;
			};
			name = Release;
		};
		6191ACA52B440AC5000A4937 /* Debug */ = {
			isa = XCBuildConfiguration;
			buildSettings = {
				ASSETCATALOG_COMPILER_APPICON_NAME = AppIcon;
				ASSETCATALOG_COMPILER_GLOBAL_ACCENT_COLOR_NAME = AccentColor;
				CODE_SIGN_STYLE = Automatic;
				CURRENT_PROJECT_VERSION = 1;
				DEVELOPMENT_ASSET_PATHS = "\"ShaderTest/Preview Content\"";
				DEVELOPMENT_TEAM = B5RQ2EJVKL;
				ENABLE_PREVIEWS = YES;
				GENERATE_INFOPLIST_FILE = YES;
				INFOPLIST_KEY_UIApplicationSceneManifest_Generation = YES;
				INFOPLIST_KEY_UIApplicationSupportsIndirectInputEvents = YES;
				INFOPLIST_KEY_UILaunchScreen_Generation = YES;
				INFOPLIST_KEY_UISupportedInterfaceOrientations_iPad = "UIInterfaceOrientationPortrait UIInterfaceOrientationPortraitUpsideDown UIInterfaceOrientationLandscapeLeft UIInterfaceOrientationLandscapeRight";
				INFOPLIST_KEY_UISupportedInterfaceOrientations_iPhone = "UIInterfaceOrientationPortrait UIInterfaceOrientationLandscapeLeft UIInterfaceOrientationLandscapeRight";
				LD_RUNPATH_SEARCH_PATHS = (
					"$(inherited)",
					"@executable_path/Frameworks",
				);
				MARKETING_VERSION = 1.0;
				PRODUCT_BUNDLE_IDENTIFIER = "com.po-gl.ShaderTest";
				PRODUCT_NAME = "$(TARGET_NAME)";
				SWIFT_EMIT_LOC_STRINGS = YES;
				SWIFT_VERSION = 5.0;
				TARGETED_DEVICE_FAMILY = "1,2";
			};
			name = Debug;
		};
		6191ACA62B440AC5000A4937 /* Release */ = {
			isa = XCBuildConfiguration;
			buildSettings = {
				ASSETCATALOG_COMPILER_APPICON_NAME = AppIcon;
				ASSETCATALOG_COMPILER_GLOBAL_ACCENT_COLOR_NAME = AccentColor;
				CODE_SIGN_STYLE = Automatic;
				CURRENT_PROJECT_VERSION = 1;
				DEVELOPMENT_ASSET_PATHS = "\"ShaderTest/Preview Content\"";
				DEVELOPMENT_TEAM = B5RQ2EJVKL;
				ENABLE_PREVIEWS = YES;
				GENERATE_INFOPLIST_FILE = YES;
				INFOPLIST_KEY_UIApplicationSceneManifest_Generation = YES;
				INFOPLIST_KEY_UIApplicationSupportsIndirectInputEvents = YES;
				INFOPLIST_KEY_UILaunchScreen_Generation = YES;
				INFOPLIST_KEY_UISupportedInterfaceOrientations_iPad = "UIInterfaceOrientationPortrait UIInterfaceOrientationPortraitUpsideDown UIInterfaceOrientationLandscapeLeft UIInterfaceOrientationLandscapeRight";
				INFOPLIST_KEY_UISupportedInterfaceOrientations_iPhone = "UIInterfaceOrientationPortrait UIInterfaceOrientationLandscapeLeft UIInterfaceOrientationLandscapeRight";
				LD_RUNPATH_SEARCH_PATHS = (
					"$(inherited)",
					"@executable_path/Frameworks",
				);
				MARKETING_VERSION = 1.0;
				PRODUCT_BUNDLE_IDENTIFIER = "com.po-gl.ShaderTest";
				PRODUCT_NAME = "$(TARGET_NAME)";
				SWIFT_EMIT_LOC_STRINGS = YES;
				SWIFT_VERSION = 5.0;
				TARGETED_DEVICE_FAMILY = "1,2";
			};
			name = Release;
		};
/* End XCBuildConfiguration section */

/* Begin XCConfigurationList section */
		6191AC912B440AC3000A4937 /* Build configuration list for PBXProject "ShaderTest" */ = {
			isa = XCConfigurationList;
			buildConfigurations = (
				6191ACA22B440AC5000A4937 /* Debug */,
				6191ACA32B440AC5000A4937 /* Release */,
			);
			defaultConfigurationIsVisible = 0;
			defaultConfigurationName = Release;
		};
		6191ACA42B440AC5000A4937 /* Build configuration list for PBXNativeTarget "ShaderTest" */ = {
			isa = XCConfigurationList;
			buildConfigurations = (
				6191ACA52B440AC5000A4937 /* Debug */,
				6191ACA62B440AC5000A4937 /* Release */,
			);
			defaultConfigurationIsVisible = 0;
			defaultConfigurationName = Release;
		};
/* End XCConfigurationList section */
	};
	rootObject = 6191AC8E2B440AC3000A4937 /* Project object */;
}
